{
  "name": "native-demo-desktop-app",
  "lockfileVersion": 3,
  "requires": true,
  "packages": {
    "": {
      "name": "native-demo-desktop-app",
      "dependencies": {
        "@native-sdk/core": "0.7.1"
      },
      "devDependencies": {
        "@native-sdk/cli": "0.7.1"
      }
    },
    "node_modules/@native-sdk/cli": {
      "version": "0.7.1",
      "resolved": "https://registry.npmjs.org/@native-sdk/cli/-/cli-0.7.1.tgz",
      "integrity": "sha512-OFwFr5/ltR66oCEpWPw4qq/+fOaNQoSXOZj89ayZGt2/hbsNZ1jr+ixtZqulniBDtaf3DoTNK3Iw2uRHs+Y2UQ==",
      "dev": true,
      "license": "Apache-2.0",
      "dependencies": {
        "@typescript/old": "npm:typescript@6.0.3",
        "@typescript/typescript6": "6.0.2"
      },
      "bin": {
        "native": "bin/native.js"
      },
      "optionalDependencies": {
        "@native-sdk/cli-darwin-arm64": "0.7.1",
        "@native-sdk/cli-darwin-x64": "0.7.1",
        "@native-sdk/cli-linux-arm64-gnu": "0.7.1",
        "@native-sdk/cli-linux-arm64-musl": "0.7.1",
        "@native-sdk/cli-linux-x64-gnu": "0.7.1",
        "@native-sdk/cli-linux-x64-musl": "0.7.1",
        "@native-sdk/cli-win32-arm64": "0.7.1",
        "@native-sdk/cli-win32-x64": "0.7.1"
      }
    },
    "node_modules/@native-sdk/cli-darwin-arm64": {
      "version": "0.7.1",
      "resolved": "https://registry.npmjs.org/@native-sdk/cli-darwin-arm64/-/cli-darwin-arm64-0.7.1.tgz",
      "integrity": "sha512-RsVGET4B4VVr6IPben/Qi8KZHeJD3iZH5dfyICVa5UGfCAXN6eomZ3ZwbOJYXnqpc3qGZEU5yvOrVyv2wphWlQ==",
      "cpu": [
        "arm64"
      ],
      "dev": true,
      "license": "Apache-2.0",
      "optional": true,
      "os": [
        "darwin"
      ]
    },
    "node_modules/@native-sdk/cli-darwin-x64": {
      "version": "0.7.1",
      "resolved": "https://registry.npmjs.org/@native-sdk/cli-darwin-x64/-/cli-darwin-x64-0.7.1.tgz",
      "integrity": "sha512-fdSUaEGEf+01k7BphAAVNu19fDz7qGBqM/vnJNMFxtKfOzd/NVoyM2hS7xZxKSLvVbOdUAtptNTGA/xVjN9Xew==",
      "cpu": [
        "x64"
      ],
      "dev": true,
      "license": "Apache-2.0",
      "optional": true,
      "os": [
        "darwin"
      ]
    },
    "node_modules/@native-sdk/cli-linux-arm64-gnu": {
      "version": "0.7.1",
      "resolved": "https://registry.npmjs.org/@native-sdk/cli-linux-arm64-gnu/-/cli-linux-arm64-gnu-0.7.1.tgz",
      "integrity": "sha512-Aps+IC97/iK/2vPMy701DUzb4C6QjfD2hD5ok+pDFSitRpV92HKvSyluV/6RU6rbGLS2uD0E+Xlv/hxUSj1kFw==",
      "cpu": [
        "arm64"
      ],
      "dev": true,
      "license": "Apache-2.0",
      "optional": true,
      "os": [
        "linux"
      ]
    },
    "node_modules/@native-sdk/cli-linux-arm64-musl": {
      "version": "0.7.1",
      "resolved": "https://registry.npmjs.org/@native-sdk/cli-linux-arm64-musl/-/cli-linux-arm64-musl-0.7.1.tgz",
      "integrity": "sha512-ECTUA4TJXd86e2iEGM5m6yGwDCMM4bCd7SkrqjG0lWLIWwG5Y4TBQ/18V8eA02JX6Ov51+mliMnS6dgCZCzaAQ==",
      "cpu": [
        "arm64"
      ],
      "dev": true,
      "license": "Apache-2.0",
      "optional": true,
      "os": [
        "linux"
      ]
    },
    "node_modules/@native-sdk/cli-linux-x64-gnu": {
      "version": "0.7.1",
      "resolved": "https://registry.npmjs.org/@native-sdk/cli-linux-x64-gnu/-/cli-linux-x64-gnu-0.7.1.tgz",
      "integrity": "sha512-ihM/WpbYk4JPrM+hJxhi6Ph59Xx+OJD5vNIORE4Hl1LLJ1iFeEGAwj45mQsKhF3fmkIQT3HBH2sfYmphPgN5nQ==",
      "cpu": [
        "x64"
      ],
      "dev": true,
      "license": "Apache-2.0",
      "optional": true,
      "os": [
        "linux"
      ]
    },
    "node_modules/@native-sdk/cli-linux-x64-musl": {
      "version": "0.7.1",
      "resolved": "https://registry.npmjs.org/@native-sdk/cli-linux-x64-musl/-/cli-linux-x64-musl-0.7.1.tgz",
      "integrity": "sha512-gO06HDDwpUGD9A/i0+fYoZvT+UT0dNBti7tp0kSagpUnUviNZ9E/O0V9Mq9omVJZ3fzacGTBwroClONid2v6hA==",
      "cpu": [
        "x64"
      ],
      "dev": true,
      "license": "Apache-2.0",
      "optional": true,
      "os": [
        "linux"
      ]
    },
    "node_modules/@native-sdk/cli-win32-arm64": {
      "version": "0.7.1",
      "resolved": "https://registry.npmjs.org/@native-sdk/cli-win32-arm64/-/cli-win32-arm64-0.7.1.tgz",
      "integrity": "sha512-1A7m0mQtHwm4E5KofV94ijrtPEe7YQVC2/OHGOOPiepkRyN7Z6F/i2UJyTB3QMgn6QFiYUAF8CCTJ2ZOPIaEcA==",
      "cpu": [
        "arm64"
      ],
      "dev": true,
      "license": "Apache-2.0",
      "optional": true,
      "os": [
        "win32"
      ]
    },
    "node_modules/@native-sdk/cli-win32-x64": {
      "version": "0.7.1",
      "resolved": "https://registry.npmjs.org/@native-sdk/cli-win32-x64/-/cli-win32-x64-0.7.1.tgz",
      "integrity": "sha512-BsL7YsMTMSed38rLZrcNjlAKmveMzQdv/Wp6r/7Z8VI/Bxhc6mQoFMMHB0RhMCppoc8zk+Y9gC4Akp4ULXmIXg==",
      "cpu": [
        "x64"
      ],
      "dev": true,
      "license": "Apache-2.0",
      "optional": true,
      "os": [
        "win32"
      ]
    },
    "node_modules/@native-sdk/core": {
      "version": "0.7.1"
    },
    "node_modules/@typescript/old": {
      "name": "typescript",
      "version": "6.0.3",
      "resolved": "https://registry.npmjs.org/typescript/-/typescript-6.0.3.tgz",
      "integrity": "sha512-y2TvuxSZPDyQakkFRPZHKFm+KKVqIisdg9/CZwm9ftvKXLP8NRWj38/ODjNbr43SsoXqNuAisEf1GdCxqWcdBw==",
      "dev": true,
      "license": "Apache-2.0",
      "bin": {
        "tsc": "bin/tsc",
        "tsserver": "bin/tsserver"
      },
      "engines": {
        "node": ">=14.17"
      }
    },
    "node_modules/@typescript/typescript6": {
      "version": "6.0.2",
      "resolved": "https://registry.npmjs.org/@typescript/typescript6/-/typescript6-6.0.2.tgz",
      "integrity": "sha512-mbCddXd+jm7hfx7w2YU64/Av4/NqqeG3GoRZgxPcgoTxYjhrcfJRw9ULch71SS4G+Q3bOXFhRvPqjguN0Hyp5w==",
      "dev": true,
      "license": "Apache-2.0",
      "dependencies": {
        "@typescript/old": "npm:typescript@^6"
      },
      "bin": {
        "tsc6": "bin/tsc6"
      }
    }
  }
}
